
Microsoft Visual Studio Solution File, Format Version 12.00
# Visual Studio Version 17
VisualStudioVersion = 17.6.33815.320
MinimumVisualStudioVersion = 10.0.40219.1
Project("{9A19103F-16F7-4668-BE54-9A1E7A4F7556}") = "BlazorApp1", "BlazorApp1\BlazorApp1.csproj", "{4A2E57DB-9D37-4ABA-B235-9536D7473182}"
EndProject
Global
	GlobalSection(SolutionConfigurationPlatforms) = preSolution
		Debug|Any CPU = Debug|Any CPU
		Release|Any CPU = Release|Any CPU
	EndGlobalSection
	GlobalSection(ProjectConfigurationPlatforms) = postSolution
		{4A2E57DB-9D37-4ABA-B235-9536D7473182}.Debug|Any CPU.ActiveCfg = Debug|Any CPU
		{4A2E57DB-9D37-4ABA-B235-9536D7473182}.Debug|Any CPU.Build.0 = Debug|Any CPU
		{4A2E57DB-9D37-4ABA-B235-9536D7473182}.Release|Any CPU.ActiveCfg = Release|Any CPU
		{4A2E57DB-9D37-4ABA-B235-9536D7473182}.Release|Any CPU.Build.0 = Release|Any CPU
	EndGlobalSection
	GlobalSection(SolutionProperties) = preSolution
		HideSolutionNode = FALSE
	EndGlobalSection
	GlobalSection(ExtensibilityGlobals) = postSolution
		SolutionGuid = {78D8BC41-0B6B-4A9A-81AD-288BA9A7B024}
	EndGlobalSection
EndGlobal
