
Microsoft Visual Studio Solution File, Format Version 12.00
# Visual Studio Version 17
VisualStudioVersion = 17.6.33723.286
MinimumVisualStudioVersion = 10.0.40219.1
Project("{FAE04EC0-301F-11D3-BF4B-00C04F79EFBC}") = "Practica001", "Practica001.csproj", "{C7068AED-2828-4482-801A-499D180C447D}"
EndProject
Global
	GlobalSection(SolutionConfigurationPlatforms) = preSolution
		Debug|Any CPU = Debug|Any CPU
		Release|Any CPU = Release|Any CPU
	EndGlobalSection
	GlobalSection(ProjectConfigurationPlatforms) = postSolution
		{C7068AED-2828-4482-801A-499D180C447D}.Debug|Any CPU.ActiveCfg = Debug|Any CPU
		{C7068AED-2828-4482-801A-499D180C447D}.Debug|Any CPU.Build.0 = Debug|Any CPU
		{C7068AED-2828-4482-801A-499D180C447D}.Release|Any CPU.ActiveCfg = Release|Any CPU
		{C7068AED-2828-4482-801A-499D180C447D}.Release|Any CPU.Build.0 = Release|Any CPU
	EndGlobalSection
	GlobalSection(SolutionProperties) = preSolution
		HideSolutionNode = FALSE
	EndGlobalSection
	GlobalSection(ExtensibilityGlobals) = postSolution
		SolutionGuid = {49C13C54-C318-4BD7-BA9F-1E0C98D646D8}
	EndGlobalSection
EndGlobal
